
Microsoft Visual Studio Solution File, Format Version 12.00
# Visual Studio Version 16
VisualStudioVersion = 16.0.30114.105
MinimumVisualStudioVersion = 10.0.40219.1
Project("{2150E333-8FDC-42A3-9474-1A3956D46DE8}") = "Libraries", "Libraries", "{86BE2C74-BB0A-40D3-A12E-D1AD8F9AEC5D}"
EndProject
Project("{2150E333-8FDC-42A3-9474-1A3956D46DE8}") = "IOBootstrap-NET", "IOBootstrap-NET", "{96893E88-8FDB-42E6-A5D6-1573D85B3FB5}"
EndProject
Project("{FAE04EC0-301F-11D3-BF4B-00C04F79EFBC}") = "IOBootstrap.NET.Application", "Libraries\IOBootstrap-NET\Application\IOBootstrap.NET.Application.csproj", "{F691F121-58F8-46A1-87E5-E844D294CD7B}"
EndProject
Project("{FAE04EC0-301F-11D3-BF4B-00C04F79EFBC}") = "IOBootstrap.NET.BackOffice", "Libraries\IOBootstrap-NET\BackOffice\IOBootstrap.NET.BackOffice.csproj", "{22F7C466-7D11-4873-A09A-E6C50019F694}"
EndProject
Project("{FAE04EC0-301F-11D3-BF4B-00C04F79EFBC}") = "IOBootstrap.NET.Common", "Libraries\IOBootstrap-NET\Common\IOBootstrap.NET.Common.csproj", "{70CE5F8C-B399-4475-879B-E29F1D81E620}"
EndProject
Project("{FAE04EC0-301F-11D3-BF4B-00C04F79EFBC}") = "IOBootstrap.NET.Core", "Libraries\IOBootstrap-NET\Core\IOBootstrap.NET.Core.csproj", "{CD70C8C8-31A0-404F-AF1A-72E3204D02FB}"
EndProject
Project("{FAE04EC0-301F-11D3-BF4B-00C04F79EFBC}") = "IOBootstrap.NET.WebApi", "Libraries\IOBootstrap-NET\WebApi\IOBootstrap.NET.WebApi.csproj", "{4619E417-3410-4C90-A6B5-BED67A1EF9B9}"
EndProject
Project("{2150E333-8FDC-42A3-9474-1A3956D46DE8}") = "MW", "MW", "{5E50E41F-0988-4B93-9303-09E69FD42B78}"
EndProject
Project("{FAE04EC0-301F-11D3-BF4B-00C04F79EFBC}") = "IOBootstrap.NET.MW.Core", "Libraries\IOBootstrap-NET\MW\Core\IOBootstrap.NET.MW.Core.csproj", "{63048684-6A50-4207-97CB-1AAD44743C74}"
EndProject
Project("{FAE04EC0-301F-11D3-BF4B-00C04F79EFBC}") = "IOBootstrap.NET.MW.DataAccess", "Libraries\IOBootstrap-NET\MW\DataAccess\IOBootstrap.NET.MW.DataAccess.csproj", "{154E7E54-1A4D-4585-90A3-58EBDE13CEE6}"
EndProject
Project("{FAE04EC0-301F-11D3-BF4B-00C04F79EFBC}") = "IOBootstrap.NET.MW.WebApi", "Libraries\IOBootstrap-NET\MW\WebApi\IOBootstrap.NET.MW.WebApi.csproj", "{012BA630-B96E-4AA8-8706-C620621E5781}"
EndProject
Project("{FAE04EC0-301F-11D3-BF4B-00C04F79EFBC}") = "IOBootstrap.NET.MW.Application", "Libraries\IOBootstrap-NET\MW\Application\IOBootstrap.NET.MW.Application.csproj", "{51A6D8D5-F525-4DA8-99CA-6D7C9A7B8B0C}"
EndProject
Project("{2150E333-8FDC-42A3-9474-1A3956D46DE8}") = "Functions", "Functions", "{9527E8EA-AFF4-4E2E-8885-B0F4555FAC37}"
EndProject
Project("{FAE04EC0-301F-11D3-BF4B-00C04F79EFBC}") = "IOBootstrap.NET.Functions", "Libraries\IOBootstrap-NET\Functions\Functions\IOBootstrap.NET.Functions.csproj", "{05601A02-CE2A-4CDC-9108-DAD7683A1322}"
EndProject
Project("{FAE04EC0-301F-11D3-BF4B-00C04F79EFBC}") = "IOBootstrap.NET.PushNotificationFunctionHelper", "Libraries\IOBootstrap-NET\Functions\PushNotificationFunctionHelper\IOBootstrap.NET.PushNotificationFunctionHelper.csproj", "{9E33BF76-5DF4-464B-89B8-27698E8FC5DB}"
EndProject
Global
	GlobalSection(SolutionConfigurationPlatforms) = preSolution
		Debug|Any CPU = Debug|Any CPU
		Release|Any CPU = Release|Any CPU
	EndGlobalSection
	GlobalSection(SolutionProperties) = preSolution
		HideSolutionNode = FALSE
	EndGlobalSection
	GlobalSection(ProjectConfigurationPlatforms) = postSolution
		{F691F121-58F8-46A1-87E5-E844D294CD7B}.Debug|Any CPU.ActiveCfg = Debug|Any CPU
		{F691F121-58F8-46A1-87E5-E844D294CD7B}.Debug|Any CPU.Build.0 = Debug|Any CPU
		{F691F121-58F8-46A1-87E5-E844D294CD7B}.Release|Any CPU.ActiveCfg = Release|Any CPU
		{F691F121-58F8-46A1-87E5-E844D294CD7B}.Release|Any CPU.Build.0 = Release|Any CPU
		{22F7C466-7D11-4873-A09A-E6C50019F694}.Debug|Any CPU.ActiveCfg = Debug|Any CPU
		{22F7C466-7D11-4873-A09A-E6C50019F694}.Debug|Any CPU.Build.0 = Debug|Any CPU
		{22F7C466-7D11-4873-A09A-E6C50019F694}.Release|Any CPU.ActiveCfg = Release|Any CPU
		{22F7C466-7D11-4873-A09A-E6C50019F694}.Release|Any CPU.Build.0 = Release|Any CPU
		{70CE5F8C-B399-4475-879B-E29F1D81E620}.Debug|Any CPU.ActiveCfg = Debug|Any CPU
		{70CE5F8C-B399-4475-879B-E29F1D81E620}.Debug|Any CPU.Build.0 = Debug|Any CPU
		{70CE5F8C-B399-4475-879B-E29F1D81E620}.Release|Any CPU.ActiveCfg = Release|Any CPU
		{70CE5F8C-B399-4475-879B-E29F1D81E620}.Release|Any CPU.Build.0 = Release|Any CPU
		{CD70C8C8-31A0-404F-AF1A-72E3204D02FB}.Debug|Any CPU.ActiveCfg = Debug|Any CPU
		{CD70C8C8-31A0-404F-AF1A-72E3204D02FB}.Debug|Any CPU.Build.0 = Debug|Any CPU
		{CD70C8C8-31A0-404F-AF1A-72E3204D02FB}.Release|Any CPU.ActiveCfg = Release|Any CPU
		{CD70C8C8-31A0-404F-AF1A-72E3204D02FB}.Release|Any CPU.Build.0 = Release|Any CPU
		{4619E417-3410-4C90-A6B5-BED67A1EF9B9}.Debug|Any CPU.ActiveCfg = Debug|Any CPU
		{4619E417-3410-4C90-A6B5-BED67A1EF9B9}.Debug|Any CPU.Build.0 = Debug|Any CPU
		{4619E417-3410-4C90-A6B5-BED67A1EF9B9}.Release|Any CPU.ActiveCfg = Release|Any CPU
		{4619E417-3410-4C90-A6B5-BED67A1EF9B9}.Release|Any CPU.Build.0 = Release|Any CPU
		{63048684-6A50-4207-97CB-1AAD44743C74}.Debug|Any CPU.ActiveCfg = Debug|Any CPU
		{63048684-6A50-4207-97CB-1AAD44743C74}.Debug|Any CPU.Build.0 = Debug|Any CPU
		{63048684-6A50-4207-97CB-1AAD44743C74}.Release|Any CPU.ActiveCfg = Release|Any CPU
		{63048684-6A50-4207-97CB-1AAD44743C74}.Release|Any CPU.Build.0 = Release|Any CPU
		{154E7E54-1A4D-4585-90A3-58EBDE13CEE6}.Debug|Any CPU.ActiveCfg = Debug|Any CPU
		{154E7E54-1A4D-4585-90A3-58EBDE13CEE6}.Debug|Any CPU.Build.0 = Debug|Any CPU
		{154E7E54-1A4D-4585-90A3-58EBDE13CEE6}.Release|Any CPU.ActiveCfg = Release|Any CPU
		{154E7E54-1A4D-4585-90A3-58EBDE13CEE6}.Release|Any CPU.Build.0 = Release|Any CPU
		{012BA630-B96E-4AA8-8706-C620621E5781}.Debug|Any CPU.ActiveCfg = Debug|Any CPU
		{012BA630-B96E-4AA8-8706-C620621E5781}.Debug|Any CPU.Build.0 = Debug|Any CPU
		{012BA630-B96E-4AA8-8706-C620621E5781}.Release|Any CPU.ActiveCfg = Release|Any CPU
		{012BA630-B96E-4AA8-8706-C620621E5781}.Release|Any CPU.Build.0 = Release|Any CPU
		{51A6D8D5-F525-4DA8-99CA-6D7C9A7B8B0C}.Debug|Any CPU.ActiveCfg = Debug|Any CPU
		{51A6D8D5-F525-4DA8-99CA-6D7C9A7B8B0C}.Debug|Any CPU.Build.0 = Debug|Any CPU
		{51A6D8D5-F525-4DA8-99CA-6D7C9A7B8B0C}.Release|Any CPU.ActiveCfg = Release|Any CPU
		{51A6D8D5-F525-4DA8-99CA-6D7C9A7B8B0C}.Release|Any CPU.Build.0 = Release|Any CPU
		{05601A02-CE2A-4CDC-9108-DAD7683A1322}.Debug|Any CPU.ActiveCfg = Debug|Any CPU
		{05601A02-CE2A-4CDC-9108-DAD7683A1322}.Debug|Any CPU.Build.0 = Debug|Any CPU
		{05601A02-CE2A-4CDC-9108-DAD7683A1322}.Release|Any CPU.ActiveCfg = Release|Any CPU
		{05601A02-CE2A-4CDC-9108-DAD7683A1322}.Release|Any CPU.Build.0 = Release|Any CPU
		{9E33BF76-5DF4-464B-89B8-27698E8FC5DB}.Debug|Any CPU.ActiveCfg = Debug|Any CPU
		{9E33BF76-5DF4-464B-89B8-27698E8FC5DB}.Debug|Any CPU.Build.0 = Debug|Any CPU
		{9E33BF76-5DF4-464B-89B8-27698E8FC5DB}.Release|Any CPU.ActiveCfg = Release|Any CPU
		{9E33BF76-5DF4-464B-89B8-27698E8FC5DB}.Release|Any CPU.Build.0 = Release|Any CPU
	EndGlobalSection
	GlobalSection(NestedProjects) = preSolution
		{96893E88-8FDB-42E6-A5D6-1573D85B3FB5} = {86BE2C74-BB0A-40D3-A12E-D1AD8F9AEC5D}
		{F691F121-58F8-46A1-87E5-E844D294CD7B} = {96893E88-8FDB-42E6-A5D6-1573D85B3FB5}
		{22F7C466-7D11-4873-A09A-E6C50019F694} = {96893E88-8FDB-42E6-A5D6-1573D85B3FB5}
		{70CE5F8C-B399-4475-879B-E29F1D81E620} = {96893E88-8FDB-42E6-A5D6-1573D85B3FB5}
		{CD70C8C8-31A0-404F-AF1A-72E3204D02FB} = {96893E88-8FDB-42E6-A5D6-1573D85B3FB5}
		{4619E417-3410-4C90-A6B5-BED67A1EF9B9} = {96893E88-8FDB-42E6-A5D6-1573D85B3FB5}
		{5E50E41F-0988-4B93-9303-09E69FD42B78} = {96893E88-8FDB-42E6-A5D6-1573D85B3FB5}
		{63048684-6A50-4207-97CB-1AAD44743C74} = {5E50E41F-0988-4B93-9303-09E69FD42B78}
		{154E7E54-1A4D-4585-90A3-58EBDE13CEE6} = {5E50E41F-0988-4B93-9303-09E69FD42B78}
		{012BA630-B96E-4AA8-8706-C620621E5781} = {5E50E41F-0988-4B93-9303-09E69FD42B78}
		{51A6D8D5-F525-4DA8-99CA-6D7C9A7B8B0C} = {5E50E41F-0988-4B93-9303-09E69FD42B78}
		{9527E8EA-AFF4-4E2E-8885-B0F4555FAC37} = {96893E88-8FDB-42E6-A5D6-1573D85B3FB5}
		{05601A02-CE2A-4CDC-9108-DAD7683A1322} = {9527E8EA-AFF4-4E2E-8885-B0F4555FAC37}
		{9E33BF76-5DF4-464B-89B8-27698E8FC5DB} = {9527E8EA-AFF4-4E2E-8885-B0F4555FAC37}
	EndGlobalSection
EndGlobal
